
Microsoft Visual Studio Solution File, Format Version 12.00
# Visual Studio Version 17
VisualStudioVersion = 17.5.33424.131
MinimumVisualStudioVersion = 10.0.40219.1
Project("{FAE04EC0-301F-11D3-BF4B-00C04F79EFBC}") = "YuZongZhiWindowsERSFormsApp1", "YuZongZhiWindowsERSFormsApp1\YuZongZhiWindowsERSFormsApp1.csproj", "{7FBC6669-11CA-4C7E-AD1B-A86BE2FC48BA}"
EndProject
Global
	GlobalSection(SolutionConfigurationPlatforms) = preSolution
		Debug|Any CPU = Debug|Any CPU
		Release|Any CPU = Release|Any CPU
	EndGlobalSection
	GlobalSection(ProjectConfigurationPlatforms) = postSolution
		{7FBC6669-11CA-4C7E-AD1B-A86BE2FC48BA}.Debug|Any CPU.ActiveCfg = Debug|Any CPU
		{7FBC6669-11CA-4C7E-AD1B-A86BE2FC48BA}.Debug|Any CPU.Build.0 = Debug|Any CPU
		{7FBC6669-11CA-4C7E-AD1B-A86BE2FC48BA}.Release|Any CPU.ActiveCfg = Release|Any CPU
		{7FBC6669-11CA-4C7E-AD1B-A86BE2FC48BA}.Release|Any CPU.Build.0 = Release|Any CPU
	EndGlobalSection
	GlobalSection(SolutionProperties) = preSolution
		HideSolutionNode = FALSE
	EndGlobalSection
	GlobalSection(ExtensibilityGlobals) = postSolution
		SolutionGuid = {66F8110D-831C-4440-A7E8-C70829C93BEA}
	EndGlobalSection
EndGlobal
